
Microsoft Visual Studio Solution File, Format Version 12.00
# Visual Studio 2013
VisualStudioVersion = 12.0.31101.0
MinimumVisualStudioVersion = 10.0.40219.1
Project("{FAE04EC0-301F-11D3-BF4B-00C04F79EFBC}") = "JustBlog", "JustBlog\JustBlog.csproj", "{CA9EB9AF-DC6C-4D16-8D20-B10AB8992BC3}"
EndProject
Project("{FAE04EC0-301F-11D3-BF4B-00C04F79EFBC}") = "JustBlog.Tests", "JustBlog.Tests\JustBlog.Tests.csproj", "{3F1D27E7-4506-4F62-A094-15105F629388}"
EndProject
Global
	GlobalSection(SolutionConfigurationPlatforms) = preSolution
		Debug|Any CPU = Debug|Any CPU
		Release|Any CPU = Release|Any CPU
	EndGlobalSection
	GlobalSection(ProjectConfigurationPlatforms) = postSolution
		{CA9EB9AF-DC6C-4D16-8D20-B10AB8992BC3}.Debug|Any CPU.ActiveCfg = Debug|Any CPU
		{CA9EB9AF-DC6C-4D16-8D20-B10AB8992BC3}.Debug|Any CPU.Build.0 = Debug|Any CPU
		{CA9EB9AF-DC6C-4D16-8D20-B10AB8992BC3}.Release|Any CPU.ActiveCfg = Release|Any CPU
		{CA9EB9AF-DC6C-4D16-8D20-B10AB8992BC3}.Release|Any CPU.Build.0 = Release|Any CPU
		{3F1D27E7-4506-4F62-A094-15105F629388}.Debug|Any CPU.ActiveCfg = Debug|Any CPU
		{3F1D27E7-4506-4F62-A094-15105F629388}.Debug|Any CPU.Build.0 = Debug|Any CPU
		{3F1D27E7-4506-4F62-A094-15105F629388}.Release|Any CPU.ActiveCfg = Release|Any CPU
		{3F1D27E7-4506-4F62-A094-15105F629388}.Release|Any CPU.Build.0 = Release|Any CPU
	EndGlobalSection
	GlobalSection(SolutionProperties) = preSolution
		HideSolutionNode = FALSE
	EndGlobalSection
EndGlobal
